id: correctiq_correctiq_man
label: CorrectIQ Manual Offset
category: '[CORRECTIQ]'

templates:
  imports: import correctiq
  make: correctiq.correctiq_man(${real}, ${imag})
  callbacks:
  - set_real(${real})
  - set_imag(${imag})

parameters:
-   id: real
    label: Real (I)
    dtype: float
    default: '0'
-   id: imag
    label: Imag (Q)
    dtype: float
    default: '0'

inputs:
-   domain: stream
    dtype: complex

outputs:
-   domain: stream
    dtype: complex

documentation: |-
    This block provides a mechanism to manually provide a real and imaginary signal offset.  Very similar to a complex add block, the block supports dynamic updating on the values.

file_format: 1
